
Microsoft Visual Studio Solution File, Format Version 12.00
# Visual Studio 15
VisualStudioVersion = 15.0.26124.0
MinimumVisualStudioVersion = 15.0.26124.0
Project("{FAE04EC0-301F-11D3-BF4B-00C04F79EFBC}") = "WebServer", "WebServer\WebServer.csproj", "{3E24330F-2406-4B10-968B-E3A735CCC55E}"
EndProject
Project("{FAE04EC0-301F-11D3-BF4B-00C04F79EFBC}") = "ThirdPartyApis", "ThirdPartyApis\ThirdPartyApis.csproj", "{C63B9D42-ED33-4DA2-AB23-BB45A6C2891B}"
EndProject
Project("{FAE04EC0-301F-11D3-BF4B-00C04F79EFBC}") = "WebRunner", "WebDriver\WebRunner.csproj", "{9C2DA1DD-6015-4E89-B049-F9A87F3EDA8D}"
EndProject
Project("{FAE04EC0-301F-11D3-BF4B-00C04F79EFBC}") = "Contracts", "Contracts\Contracts.csproj", "{336BFA21-5BBB-4809-821B-A60C3729FFC9}"
EndProject
Global
	GlobalSection(SolutionConfigurationPlatforms) = preSolution
		Debug|Any CPU = Debug|Any CPU
		Debug|x64 = Debug|x64
		Debug|x86 = Debug|x86
		Release|Any CPU = Release|Any CPU
		Release|x64 = Release|x64
		Release|x86 = Release|x86
	EndGlobalSection
	GlobalSection(SolutionProperties) = preSolution
		HideSolutionNode = FALSE
	EndGlobalSection
	GlobalSection(ProjectConfigurationPlatforms) = postSolution
		{3E24330F-2406-4B10-968B-E3A735CCC55E}.Debug|Any CPU.ActiveCfg = Debug|Any CPU
		{3E24330F-2406-4B10-968B-E3A735CCC55E}.Debug|Any CPU.Build.0 = Debug|Any CPU
		{3E24330F-2406-4B10-968B-E3A735CCC55E}.Debug|x64.ActiveCfg = Debug|Any CPU
		{3E24330F-2406-4B10-968B-E3A735CCC55E}.Debug|x64.Build.0 = Debug|Any CPU
		{3E24330F-2406-4B10-968B-E3A735CCC55E}.Debug|x86.ActiveCfg = Debug|Any CPU
		{3E24330F-2406-4B10-968B-E3A735CCC55E}.Debug|x86.Build.0 = Debug|Any CPU
		{3E24330F-2406-4B10-968B-E3A735CCC55E}.Release|Any CPU.ActiveCfg = Release|Any CPU
		{3E24330F-2406-4B10-968B-E3A735CCC55E}.Release|Any CPU.Build.0 = Release|Any CPU
		{3E24330F-2406-4B10-968B-E3A735CCC55E}.Release|x64.ActiveCfg = Release|Any CPU
		{3E24330F-2406-4B10-968B-E3A735CCC55E}.Release|x64.Build.0 = Release|Any CPU
		{3E24330F-2406-4B10-968B-E3A735CCC55E}.Release|x86.ActiveCfg = Release|Any CPU
		{3E24330F-2406-4B10-968B-E3A735CCC55E}.Release|x86.Build.0 = Release|Any CPU
		{C63B9D42-ED33-4DA2-AB23-BB45A6C2891B}.Debug|Any CPU.ActiveCfg = Debug|Any CPU
		{C63B9D42-ED33-4DA2-AB23-BB45A6C2891B}.Debug|Any CPU.Build.0 = Debug|Any CPU
		{C63B9D42-ED33-4DA2-AB23-BB45A6C2891B}.Debug|x64.ActiveCfg = Debug|Any CPU
		{C63B9D42-ED33-4DA2-AB23-BB45A6C2891B}.Debug|x64.Build.0 = Debug|Any CPU
		{C63B9D42-ED33-4DA2-AB23-BB45A6C2891B}.Debug|x86.ActiveCfg = Debug|Any CPU
		{C63B9D42-ED33-4DA2-AB23-BB45A6C2891B}.Debug|x86.Build.0 = Debug|Any CPU
		{C63B9D42-ED33-4DA2-AB23-BB45A6C2891B}.Release|Any CPU.ActiveCfg = Release|Any CPU
		{C63B9D42-ED33-4DA2-AB23-BB45A6C2891B}.Release|Any CPU.Build.0 = Release|Any CPU
		{C63B9D42-ED33-4DA2-AB23-BB45A6C2891B}.Release|x64.ActiveCfg = Release|Any CPU
		{C63B9D42-ED33-4DA2-AB23-BB45A6C2891B}.Release|x64.Build.0 = Release|Any CPU
		{C63B9D42-ED33-4DA2-AB23-BB45A6C2891B}.Release|x86.ActiveCfg = Release|Any CPU
		{C63B9D42-ED33-4DA2-AB23-BB45A6C2891B}.Release|x86.Build.0 = Release|Any CPU
		{9C2DA1DD-6015-4E89-B049-F9A87F3EDA8D}.Debug|Any CPU.ActiveCfg = Debug|Any CPU
		{9C2DA1DD-6015-4E89-B049-F9A87F3EDA8D}.Debug|Any CPU.Build.0 = Debug|Any CPU
		{9C2DA1DD-6015-4E89-B049-F9A87F3EDA8D}.Debug|x64.ActiveCfg = Debug|Any CPU
		{9C2DA1DD-6015-4E89-B049-F9A87F3EDA8D}.Debug|x64.Build.0 = Debug|Any CPU
		{9C2DA1DD-6015-4E89-B049-F9A87F3EDA8D}.Debug|x86.ActiveCfg = Debug|Any CPU
		{9C2DA1DD-6015-4E89-B049-F9A87F3EDA8D}.Debug|x86.Build.0 = Debug|Any CPU
		{9C2DA1DD-6015-4E89-B049-F9A87F3EDA8D}.Release|Any CPU.ActiveCfg = Release|Any CPU
		{9C2DA1DD-6015-4E89-B049-F9A87F3EDA8D}.Release|Any CPU.Build.0 = Release|Any CPU
		{9C2DA1DD-6015-4E89-B049-F9A87F3EDA8D}.Release|x64.ActiveCfg = Release|Any CPU
		{9C2DA1DD-6015-4E89-B049-F9A87F3EDA8D}.Release|x64.Build.0 = Release|Any CPU
		{9C2DA1DD-6015-4E89-B049-F9A87F3EDA8D}.Release|x86.ActiveCfg = Release|Any CPU
		{9C2DA1DD-6015-4E89-B049-F9A87F3EDA8D}.Release|x86.Build.0 = Release|Any CPU
		{336BFA21-5BBB-4809-821B-A60C3729FFC9}.Debug|Any CPU.ActiveCfg = Debug|Any CPU
		{336BFA21-5BBB-4809-821B-A60C3729FFC9}.Debug|Any CPU.Build.0 = Debug|Any CPU
		{336BFA21-5BBB-4809-821B-A60C3729FFC9}.Debug|x64.ActiveCfg = Debug|Any CPU
		{336BFA21-5BBB-4809-821B-A60C3729FFC9}.Debug|x64.Build.0 = Debug|Any CPU
		{336BFA21-5BBB-4809-821B-A60C3729FFC9}.Debug|x86.ActiveCfg = Debug|Any CPU
		{336BFA21-5BBB-4809-821B-A60C3729FFC9}.Debug|x86.Build.0 = Debug|Any CPU
		{336BFA21-5BBB-4809-821B-A60C3729FFC9}.Release|Any CPU.ActiveCfg = Release|Any CPU
		{336BFA21-5BBB-4809-821B-A60C3729FFC9}.Release|Any CPU.Build.0 = Release|Any CPU
		{336BFA21-5BBB-4809-821B-A60C3729FFC9}.Release|x64.ActiveCfg = Release|Any CPU
		{336BFA21-5BBB-4809-821B-A60C3729FFC9}.Release|x64.Build.0 = Release|Any CPU
		{336BFA21-5BBB-4809-821B-A60C3729FFC9}.Release|x86.ActiveCfg = Release|Any CPU
		{336BFA21-5BBB-4809-821B-A60C3729FFC9}.Release|x86.Build.0 = Release|Any CPU
	EndGlobalSection
EndGlobal
